# This file is autogenerated, do not edit; changes may be undone by the next 'dep ensure'.


[[projects]]
  branch = "master"
  name = "github.com/gocarina/gocsv"
  packages = ["."]
  revision = "a5c9099e2484f1551abb9433885e158610a25f4b"

[solve-meta]
  analyzer-name = "dep"
  analyzer-version = 1
  inputs-digest = "c63b60246416084d16accd1df90ec1f303f31d14e650ad67f0c895ed8ee6ce13"
  solver-name = "gps-cdcl"
  solver-version = 1
